
Microsoft Visual Studio Solution File, Format Version 12.00
# Visual Studio 15
VisualStudioVersion = 15.0.28307.271
MinimumVisualStudioVersion = 10.0.40219.1
Project("{8BC9CEB8-8B4A-11D0-8D11-00A0C91BC942}") = "tomMem", "tomMem\tomMem.vcxproj", "{C47090DB-6602-4955-B399-0818D05116E0}"
EndProject
Global
	GlobalSection(SolutionConfigurationPlatforms) = preSolution
		Debug|x64 = Debug|x64
		Debug|x86 = Debug|x86
		Release|x64 = Release|x64
		Release|x86 = Release|x86
	EndGlobalSection
	GlobalSection(ProjectConfigurationPlatforms) = postSolution
		{C47090DB-6602-4955-B399-0818D05116E0}.Debug|x64.ActiveCfg = Debug|x64
		{C47090DB-6602-4955-B399-0818D05116E0}.Debug|x64.Build.0 = Debug|x64
		{C47090DB-6602-4955-B399-0818D05116E0}.Debug|x86.ActiveCfg = Debug|Win32
		{C47090DB-6602-4955-B399-0818D05116E0}.Debug|x86.Build.0 = Debug|Win32
		{C47090DB-6602-4955-B399-0818D05116E0}.Release|x64.ActiveCfg = Release|x64
		{C47090DB-6602-4955-B399-0818D05116E0}.Release|x64.Build.0 = Release|x64
		{C47090DB-6602-4955-B399-0818D05116E0}.Release|x86.ActiveCfg = Release|Win32
		{C47090DB-6602-4955-B399-0818D05116E0}.Release|x86.Build.0 = Release|Win32
	EndGlobalSection
	GlobalSection(SolutionProperties) = preSolution
		HideSolutionNode = FALSE
	EndGlobalSection
	GlobalSection(ExtensibilityGlobals) = postSolution
		SolutionGuid = {0E46DC86-9172-4D2E-9EB9-9AC0705D2D4B}
	EndGlobalSection
EndGlobal
